
Microsoft Visual Studio Solution File, Format Version 12.00
# Visual Studio Version 17
VisualStudioVersion = 17.5.33530.505
MinimumVisualStudioVersion = 10.0.40219.1
Project("{FAE04EC0-301F-11D3-BF4B-00C04F79EFBC}") = "APIdb", "APIdb.csproj", "{B478B404-E4C8-4815-9186-4382130CAC28}"
EndProject
Global
	GlobalSection(SolutionConfigurationPlatforms) = preSolution
		Debug|Any CPU = Debug|Any CPU
		Release|Any CPU = Release|Any CPU
	EndGlobalSection
	GlobalSection(ProjectConfigurationPlatforms) = postSolution
		{B478B404-E4C8-4815-9186-4382130CAC28}.Debug|Any CPU.ActiveCfg = Debug|Any CPU
		{B478B404-E4C8-4815-9186-4382130CAC28}.Debug|Any CPU.Build.0 = Debug|Any CPU
		{B478B404-E4C8-4815-9186-4382130CAC28}.Release|Any CPU.ActiveCfg = Release|Any CPU
		{B478B404-E4C8-4815-9186-4382130CAC28}.Release|Any CPU.Build.0 = Release|Any CPU
	EndGlobalSection
	GlobalSection(SolutionProperties) = preSolution
		HideSolutionNode = FALSE
	EndGlobalSection
	GlobalSection(ExtensibilityGlobals) = postSolution
		SolutionGuid = {CBAE5565-7463-4373-85A6-748EC4038BC4}
	EndGlobalSection
EndGlobal
